
Microsoft Visual Studio Solution File, Format Version 12.00
# Visual Studio 15
VisualStudioVersion = 15.0.28307.1259
MinimumVisualStudioVersion = 10.0.40219.1
Project("{FAE04EC0-301F-11D3-BF4B-00C04F79EFBC}") = "ANGGKT_beadando", "ANGGKT_beadando\ANGGKT_beadando.csproj", "{24D1E2C3-A549-498C-B97F-72B143FAC3D2}"
EndProject
Global
	GlobalSection(SolutionConfigurationPlatforms) = preSolution
		Debug|Any CPU = Debug|Any CPU
		Release|Any CPU = Release|Any CPU
	EndGlobalSection
	GlobalSection(ProjectConfigurationPlatforms) = postSolution
		{24D1E2C3-A549-498C-B97F-72B143FAC3D2}.Debug|Any CPU.ActiveCfg = Debug|Any CPU
		{24D1E2C3-A549-498C-B97F-72B143FAC3D2}.Debug|Any CPU.Build.0 = Debug|Any CPU
		{24D1E2C3-A549-498C-B97F-72B143FAC3D2}.Release|Any CPU.ActiveCfg = Release|Any CPU
		{24D1E2C3-A549-498C-B97F-72B143FAC3D2}.Release|Any CPU.Build.0 = Release|Any CPU
	EndGlobalSection
	GlobalSection(SolutionProperties) = preSolution
		HideSolutionNode = FALSE
	EndGlobalSection
	GlobalSection(ExtensibilityGlobals) = postSolution
		SolutionGuid = {C834A588-23F1-42A5-83DF-6FFB1FF386C4}
	EndGlobalSection
EndGlobal
